Microsoft Visual Studio Solution File, Format Version 12.00
# Visual Studio Version 17
VisualStudioVersion = 17.5.2.0
MinimumVisualStudioVersion = 10.0.40219.1
Project("{2150E333-8FDC-42A3-9474-1A3956D46DE8}") = "projeto-C#", "projeto-C#", "{9AA3D976-B4CD-0EF0-416A-1CE4077D18A3}"
EndProject
Project("{FAE04EC0-301F-11D3-BF4B-00C04F79EFBC}") = "OlaMundo", "projeto-C#\OlaMundo\OlaMundo.csproj", "{D002614A-2F5D-62CE-A96A-C17A69C055BA}"
EndProject
Global
	GlobalSection(SolutionConfigurationPlatforms) = preSolution
		Debug|Any CPU = Debug|Any CPU
		Release|Any CPU = Release|Any CPU
	EndGlobalSection
	GlobalSection(ProjectConfigurationPlatforms) = postSolution
		{D002614A-2F5D-62CE-A96A-C17A69C055BA}.Debug|Any CPU.ActiveCfg = Debug|Any CPU
		{D002614A-2F5D-62CE-A96A-C17A69C055BA}.Debug|Any CPU.Build.0 = Debug|Any CPU
		{D002614A-2F5D-62CE-A96A-C17A69C055BA}.Release|Any CPU.ActiveCfg = Release|Any CPU
		{D002614A-2F5D-62CE-A96A-C17A69C055BA}.Release|Any CPU.Build.0 = Release|Any CPU
	EndGlobalSection
	GlobalSection(SolutionProperties) = preSolution
		HideSolutionNode = FALSE
	EndGlobalSection
	GlobalSection(NestedProjects) = preSolution
		{D002614A-2F5D-62CE-A96A-C17A69C055BA} = {9AA3D976-B4CD-0EF0-416A-1CE4077D18A3}
	EndGlobalSection
	GlobalSection(ExtensibilityGlobals) = postSolution
		SolutionGuid = {16DA132F-4E42-4350-A8AA-A7DBF441EEAD}
	EndGlobalSection
EndGlobal
